<?xml version="1.0" encoding="utf-8"?>
<Project ToolsVersion="4.0" xmlns="http://schemas.microsoft.com/developer/msbuild/2003">
  <ItemGroup>
    <ClCompile Include="main.cpp" />
    <ClCompile Include="AnimationControlComponent.cpp">
      <Filter>Components</Filter>
    </ClCompile>
    <ClCompile Include="CameraControlComponent.cpp">
      <Filter>Components</Filter>
    </ClCompile>
    <ClCompile Include="MobComponent.cpp">
      <Filter>Components</Filter>
    </ClCompile>
    <ClCompile Include="PlayerInputComponent.cpp">
      <Filter>Components</Filter>
    </ClCompile>
    <ClCompile Include="HitComponent.cpp">
      <Filter>Components</Filter>
    </ClCompile>
    <ClCompile Include="SkillNode.cpp" />
    <ClCompile Include="Item.cpp" />
    <ClCompile Include="InventoryComponent.cpp">
      <Filter>Components</Filter>
    </ClCompile>
    <ClCompile Include="HitBox.cpp" />
    <ClCompile Include="TeamData.cpp" />
    <ClCompile Include="AnimationState.cpp">
      <Filter>Animation States</Filter>
    </ClCompile>
    <ClCompile Include="AIComponent.cpp">
      <Filter>Components</Filter>
    </ClCompile>
    <ClCompile Include="CameraShakeComponent.cpp">
      <Filter>Components</Filter>
    </ClCompile>
    <ClCompile Include="ChatComponent.cpp">
      <Filter>Components</Filter>
    </ClCompile>
    <ClCompile Include="GameStateComponent.cpp">
      <Filter>Components</Filter>
    </ClCompile>
    <ClCompile Include="SpawnComponent.cpp">
      <Filter>Components</Filter>
    </ClCompile>
    <ClCompile Include="ServiceComponent.cpp">
      <Filter>Components</Filter>
    </ClCompile>
    <ClCompile Include="ProjectileComponent.cpp">
      <Filter>Components</Filter>
    </ClCompile>
    <ClCompile Include="OrbitComponent.cpp">
      <Filter>Components</Filter>
    </ClCompile>
    <ClCompile Include="LearningComponent.cpp">
      <Filter>Components</Filter>
    </ClCompile>
    <ClCompile Include="TriggerComponent.cpp">
      <Filter>Components</Filter>
    </ClCompile>
    <ClCompile Include="WeaponComponent.cpp">
      <Filter>Components</Filter>
    </ClCompile>
    <ClCompile Include="CycleState.cpp">
      <Filter>Animation States</Filter>
    </ClCompile>
    <ClCompile Include="SimpleState.cpp">
      <Filter>Animation States</Filter>
    </ClCompile>
    <ClCompile Include="RunCycleState.cpp">
      <Filter>Animation States</Filter>
    </ClCompile>
    <ClCompile Include="GolemUnit.cpp">
      <Filter>Units</Filter>
    </ClCompile>
    <ClCompile Include="ShadowSpawnUnit.cpp">
      <Filter>Units</Filter>
    </ClCompile>
    <ClCompile Include="InteractComponent.cpp" />
    <ClCompile Include="Mob.cpp" />
    <ClCompile Include="Scene.cpp" />
    <ClCompile Include="Tile.cpp" />
    <ClCompile Include="Chunk.cpp" />
    <ClCompile Include="Ability.cpp" />
    <ClCompile Include="Aura.cpp" />
    <ClCompile Include="ShieldAura.cpp" />
    <ClCompile Include="DamageTypeData.cpp" />
    <ClCompile Include="HitData.cpp" />
    <ClCompile Include="DamageData.cpp" />
    <ClCompile Include="BlendState.cpp" />
  </ItemGroup>
  <ItemGroup>
    <ClInclude Include="AnimationControlComponent.h">
      <Filter>Components</Filter>
    </ClInclude>
    <ClInclude Include="CameraControlComponent.h">
      <Filter>Components</Filter>
    </ClInclude>
    <ClInclude Include="MobComponent.h">
      <Filter>Components</Filter>
    </ClInclude>
    <ClInclude Include="PlayerInputComponent.h">
      <Filter>Components</Filter>
    </ClInclude>
    <ClInclude Include="HitComponent.h">
      <Filter>Components</Filter>
    </ClInclude>
    <ClInclude Include="SkillNode.h" />
    <ClInclude Include="Item.h" />
    <ClInclude Include="InventoryComponent.h">
      <Filter>Components</Filter>
    </ClInclude>
    <ClInclude Include="HitBox.h" />
    <ClInclude Include="TeamData.h" />
    <ClInclude Include="AnimationState.h">
      <Filter>Animation States</Filter>
    </ClInclude>
    <ClInclude Include="AIComponent.h">
      <Filter>Components</Filter>
    </ClInclude>
    <ClInclude Include="CameraShakeComponent.h">
      <Filter>Components</Filter>
    </ClInclude>
    <ClInclude Include="ChatComponent.h">
      <Filter>Components</Filter>
    </ClInclude>
    <ClInclude Include="GameStateComponent.h">
      <Filter>Components</Filter>
    </ClInclude>
    <ClInclude Include="SpawnComponent.h">
      <Filter>Components</Filter>
    </ClInclude>
    <ClInclude Include="ServiceComponent.h">
      <Filter>Components</Filter>
    </ClInclude>
    <ClInclude Include="ProjectileComponent.h">
      <Filter>Components</Filter>
    </ClInclude>
    <ClInclude Include="OrbitComponent.h">
      <Filter>Components</Filter>
    </ClInclude>
    <ClInclude Include="LearningComponent.h">
      <Filter>Components</Filter>
    </ClInclude>
    <ClInclude Include="TriggerComponent.h">
      <Filter>Components</Filter>
    </ClInclude>
    <ClInclude Include="WeaponComponent.h">
      <Filter>Components</Filter>
    </ClInclude>
    <ClInclude Include="CycleState.h">
      <Filter>Animation States</Filter>
    </ClInclude>
    <ClInclude Include="SimpleState.h">
      <Filter>Animation States</Filter>
    </ClInclude>
    <ClInclude Include="RunCycleState.h">
      <Filter>Animation States</Filter>
    </ClInclude>
    <ClInclude Include="GolemUnit.h">
      <Filter>Units</Filter>
    </ClInclude>
    <ClInclude Include="ShadowSpawnUnit.h">
      <Filter>Units</Filter>
    </ClInclude>
    <ClInclude Include="InteractComponent.h" />
    <ClInclude Include="Mob.h" />
    <ClInclude Include="Scene.h" />
    <ClInclude Include="Tile.h" />
    <ClInclude Include="Chunk.h" />
    <ClInclude Include="Ability.h" />
    <ClInclude Include="Aura.h" />
    <ClInclude Include="ShieldAura.h" />
    <ClInclude Include="DamageTypeData.h" />
    <ClInclude Include="HitData.h" />
    <ClInclude Include="DamageData.h" />
    <ClInclude Include="BlendState.h" />
  </ItemGroup>
  <ItemGroup>
    <Filter Include="Components">
      <UniqueIdentifier>{b634c4b3-7c5c-4d39-a5d5-b2d530e99399}</UniqueIdentifier>
    </Filter>
    <Filter Include="Animation States">
      <UniqueIdentifier>{d4b76233-5fd4-410e-b671-39b23ff9f656}</UniqueIdentifier>
    </Filter>
    <Filter Include="Units">
      <UniqueIdentifier>{70c0c34a-f601-4bd4-af42-90786654fd0f}</UniqueIdentifier>
    </Filter>
  </ItemGroup>
  <ItemGroup>
    <Image Include="cursor.ico" />
  </ItemGroup>
</Project>